// !$*UTF8*$!
{
	archiveVersion = 1;
	classes = {
	};
	objectVersion = 56;
	objects = {

/* Begin PBXBuildFile section */
		C901E2792C1B494B00F1FD44 /* .swiftlint.yml in Resources */ = {isa = PBXBuildFile; fileRef = C901E2782C1B494B00F1FD44 /* .swiftlint.yml */; };
		C93B76102C1BE13C0059223A /* Constant.swift in Sources */ = {isa = PBXBuildFile; fileRef = C93B760F2C1BE13C0059223A /* Constant.swift */; };
		C93B76152C1BE7730059223A /* OnboardingViewController.swift in Sources */ = {isa = PBXBuildFile; fileRef = C93B76142C1BE7730059223A /* OnboardingViewController.swift */; };
		C93B76172C1BEA000059223A /* RoundedButton.swift in Sources */ = {isa = PBXBuildFile; fileRef = C93B76162C1BEA000059223A /* RoundedButton.swift */; };
		C93B761A2C1BEC610059223A /* SnapKit in Frameworks */ = {isa = PBXBuildFile; productRef = C93B76192C1BEC610059223A /* SnapKit */; };
		C93B761C2C1BF1B40059223A /* ProfileSettingViewController.swift in Sources */ = {isa = PBXBuildFile; fileRef = C93B761B2C1BF1B40059223A /* ProfileSettingViewController.swift */; };
		C93B76222C1C06090059223A /* CircledProfileView.swift in Sources */ = {isa = PBXBuildFile; fileRef = C93B76212C1C06090059223A /* CircledProfileView.swift */; };
		C93B762E2C1C1BB10059223A /* CircledCameraView.swift in Sources */ = {isa = PBXBuildFile; fileRef = C93B762D2C1C1BB10059223A /* CircledCameraView.swift */; };
		C93B76322C1C2C470059223A /* NameTextFieldView.swift in Sources */ = {isa = PBXBuildFile; fileRef = C93B76312C1C2C470059223A /* NameTextFieldView.swift */; };
		C93B76352C1C32920059223A /* TextFieldStatus.swift in Sources */ = {isa = PBXBuildFile; fileRef = C93B76342C1C32920059223A /* TextFieldStatus.swift */; };
		C93B76372C1C3DD00059223A /* SearchResultEmptyView.swift in Sources */ = {isa = PBXBuildFile; fileRef = C93B76362C1C3DD00059223A /* SearchResultEmptyView.swift */; };
		C93B76392C1D4B170059223A /* SearchViewController.swift in Sources */ = {isa = PBXBuildFile; fileRef = C93B76382C1D4B170059223A /* SearchViewController.swift */; };
		C93B763C2C1D4B840059223A /* SettingViewController.swift in Sources */ = {isa = PBXBuildFile; fileRef = C93B763B2C1D4B840059223A /* SettingViewController.swift */; };
		C93B763F2C1D4BBC0059223A /* TabBarController.swift in Sources */ = {isa = PBXBuildFile; fileRef = C93B763E2C1D4BBC0059223A /* TabBarController.swift */; };
		C93B76432C1D58650059223A /* RecentSearchViewController.swift in Sources */ = {isa = PBXBuildFile; fileRef = C93B76422C1D58650059223A /* RecentSearchViewController.swift */; };
		C93B76452C1D59590059223A /* RecentSearchTableViewCell.swift in Sources */ = {isa = PBXBuildFile; fileRef = C93B76442C1D59590059223A /* RecentSearchTableViewCell.swift */; };
		C93B76472C1D59A00059223A /* UITableViewCell+.swift in Sources */ = {isa = PBXBuildFile; fileRef = C93B76462C1D59A00059223A /* UITableViewCell+.swift */; };
		C96663342C1B1D53009E48F6 /* AppDelegate.swift in Sources */ = {isa = PBXBuildFile; fileRef = C96663332C1B1D53009E48F6 /* AppDelegate.swift */; };
		C96663362C1B1D53009E48F6 /* SceneDelegate.swift in Sources */ = {isa = PBXBuildFile; fileRef = C96663352C1B1D53009E48F6 /* SceneDelegate.swift */; };
		C96663382C1B1D53009E48F6 /* ViewController.swift in Sources */ = {isa = PBXBuildFile; fileRef = C96663372C1B1D53009E48F6 /* ViewController.swift */; };
		C966633D2C1B1D54009E48F6 /* Assets.xcassets in Resources */ = {isa = PBXBuildFile; fileRef = C966633C2C1B1D54009E48F6 /* Assets.xcassets */; };
		C96663402C1B1D54009E48F6 /* Base in Resources */ = {isa = PBXBuildFile; fileRef = C966633F2C1B1D54009E48F6 /* Base */; };
/* End PBXBuildFile section */

/* Begin PBXFileReference section */
		C901E2782C1B494B00F1FD44 /* .swiftlint.yml */ = {isa = PBXFileReference; lastKnownFileType = text.yaml; path = .swiftlint.yml; sourceTree = "<group>"; };
		C93B760F2C1BE13C0059223A /* Constant.swift */ = {isa = PBXFileReference; lastKnownFileType = sourcecode.swift; path = Constant.swift; sourceTree = "<group>"; };
		C93B76142C1BE7730059223A /* OnboardingViewController.swift */ = {isa = PBXFileReference; lastKnownFileType = sourcecode.swift; path = OnboardingViewController.swift; sourceTree = "<group>"; };
		C93B76162C1BEA000059223A /* RoundedButton.swift */ = {isa = PBXFileReference; lastKnownFileType = sourcecode.swift; path = RoundedButton.swift; sourceTree = "<group>"; };
		C93B761B2C1BF1B40059223A /* ProfileSettingViewController.swift */ = {isa = PBXFileReference; lastKnownFileType = sourcecode.swift; path = ProfileSettingViewController.swift; sourceTree = "<group>"; };
		C93B76212C1C06090059223A /* CircledProfileView.swift */ = {isa = PBXFileReference; lastKnownFileType = sourcecode.swift; path = CircledProfileView.swift; sourceTree = "<group>"; };
		C93B762D2C1C1BB10059223A /* CircledCameraView.swift */ = {isa = PBXFileReference; lastKnownFileType = sourcecode.swift; path = CircledCameraView.swift; sourceTree = "<group>"; };
		C93B76312C1C2C470059223A /* NameTextFieldView.swift */ = {isa = PBXFileReference; lastKnownFileType = sourcecode.swift; path = NameTextFieldView.swift; sourceTree = "<group>"; };
		C93B76342C1C32920059223A /* TextFieldStatus.swift */ = {isa = PBXFileReference; lastKnownFileType = sourcecode.swift; path = TextFieldStatus.swift; sourceTree = "<group>"; };
		C93B76362C1C3DD00059223A /* SearchResultEmptyView.swift */ = {isa = PBXFileReference; lastKnownFileType = sourcecode.swift; path = SearchResultEmptyView.swift; sourceTree = "<group>"; };
		C93B76382C1D4B170059223A /* SearchViewController.swift */ = {isa = PBXFileReference; lastKnownFileType = sourcecode.swift; path = SearchViewController.swift; sourceTree = "<group>"; };
		C93B763B2C1D4B840059223A /* SettingViewController.swift */ = {isa = PBXFileReference; lastKnownFileType = sourcecode.swift; path = SettingViewController.swift; sourceTree = "<group>"; };
		C93B763E2C1D4BBC0059223A /* TabBarController.swift */ = {isa = PBXFileReference; lastKnownFileType = sourcecode.swift; path = TabBarController.swift; sourceTree = "<group>"; };
		C93B76422C1D58650059223A /* RecentSearchViewController.swift */ = {isa = PBXFileReference; lastKnownFileType = sourcecode.swift; path = RecentSearchViewController.swift; sourceTree = "<group>"; };
		C93B76442C1D59590059223A /* RecentSearchTableViewCell.swift */ = {isa = PBXFileReference; lastKnownFileType = sourcecode.swift; path = RecentSearchTableViewCell.swift; sourceTree = "<group>"; };
		C93B76462C1D59A00059223A /* UITableViewCell+.swift */ = {isa = PBXFileReference; lastKnownFileType = sourcecode.swift; path = "UITableViewCell+.swift"; sourceTree = "<group>"; };
		C96663302C1B1D53009E48F6 /* ShoppingBags.app */ = {isa = PBXFileReference; explicitFileType = wrapper.application; includeInIndex = 0; path = ShoppingBags.app; sourceTree = BUILT_PRODUCTS_DIR; };
		C96663332C1B1D53009E48F6 /* AppDelegate.swift */ = {isa = PBXFileReference; lastKnownFileType = sourcecode.swift; path = AppDelegate.swift; sourceTree = "<group>"; };
		C96663352C1B1D53009E48F6 /* SceneDelegate.swift */ = {isa = PBXFileReference; lastKnownFileType = sourcecode.swift; path = SceneDelegate.swift; sourceTree = "<group>"; };
		C96663372C1B1D53009E48F6 /* ViewController.swift */ = {isa = PBXFileReference; lastKnownFileType = sourcecode.swift; path = ViewController.swift; sourceTree = "<group>"; };
		C966633C2C1B1D54009E48F6 /* Assets.xcassets */ = {isa = PBXFileReference; lastKnownFileType = folder.assetcatalog; path = Assets.xcassets; sourceTree = "<group>"; };
		C966633F2C1B1D54009E48F6 /* Base */ = {isa = PBXFileReference; lastKnownFileType = file.storyboard; name = Base; path = Base.lproj/LaunchScreen.storyboard; sourceTree = "<group>"; };
		C96663412C1B1D54009E48F6 /* Info.plist */ = {isa = PBXFileReference; lastKnownFileType = text.plist.xml; path = Info.plist; sourceTree = "<group>"; };
/* End PBXFileReference section */

/* Begin PBXFrameworksBuildPhase section */
		C966632D2C1B1D53009E48F6 /* Frameworks */ = {
			isa = PBXFrameworksBuildPhase;
			buildActionMask = 2147483647;
			files = (
				C93B761A2C1BEC610059223A /* SnapKit in Frameworks */,
			);
			runOnlyForDeploymentPostprocessing = 0;
		};
/* End PBXFrameworksBuildPhase section */

/* Begin PBXGroup section */
		C93B76112C1BE1490059223A /* Constant */ = {
			isa = PBXGroup;
			children = (
				C93B760F2C1BE13C0059223A /* Constant.swift */,
			);
			path = Constant;
			sourceTree = "<group>";
		};
		C93B76122C1BE6B40059223A /* Onboarding */ = {
			isa = PBXGroup;
			children = (
				C93B76142C1BE7730059223A /* OnboardingViewController.swift */,
				C93B761B2C1BF1B40059223A /* ProfileSettingViewController.swift */,
			);
			path = Onboarding;
			sourceTree = "<group>";
		};
		C93B76132C1BE6C00059223A /* Search */ = {
			isa = PBXGroup;
			children = (
				C93B76362C1C3DD00059223A /* SearchResultEmptyView.swift */,
				C93B76382C1D4B170059223A /* SearchViewController.swift */,
				C93B76422C1D58650059223A /* RecentSearchViewController.swift */,
				C93B76442C1D59590059223A /* RecentSearchTableViewCell.swift */,
			);
			path = Search;
			sourceTree = "<group>";
		};
		C93B761F2C1BF70F0059223A /* CustomView */ = {
			isa = PBXGroup;
			children = (
				C93B76162C1BEA000059223A /* RoundedButton.swift */,
				C93B76212C1C06090059223A /* CircledProfileView.swift */,
				C93B762D2C1C1BB10059223A /* CircledCameraView.swift */,
				C93B76312C1C2C470059223A /* NameTextFieldView.swift */,
			);
			path = CustomView;
			sourceTree = "<group>";
		};
		C93B76332C1C326E0059223A /* Entity */ = {
			isa = PBXGroup;
			children = (
				C93B76342C1C32920059223A /* TextFieldStatus.swift */,
			);
			path = Entity;
			sourceTree = "<group>";
		};
		C93B763A2C1D4B770059223A /* Setting */ = {
			isa = PBXGroup;
			children = (
				C93B763B2C1D4B840059223A /* SettingViewController.swift */,
			);
			path = Setting;
			sourceTree = "<group>";
		};
		C93B763D2C1D4BB10059223A /* Tabbar */ = {
			isa = PBXGroup;
			children = (
				C93B763E2C1D4BBC0059223A /* TabBarController.swift */,
			);
			path = Tabbar;
			sourceTree = "<group>";
		};
		C96663272C1B1D53009E48F6 = {
			isa = PBXGroup;
			children = (
				C901E2782C1B494B00F1FD44 /* .swiftlint.yml */,
				C96663322C1B1D53009E48F6 /* ShoppingBags */,
				C96663312C1B1D53009E48F6 /* Products */,
			);
			sourceTree = "<group>";
		};
		C96663312C1B1D53009E48F6 /* Products */ = {
			isa = PBXGroup;
			children = (
				C96663302C1B1D53009E48F6 /* ShoppingBags.app */,
			);
			name = Products;
			sourceTree = "<group>";
		};
		C96663322C1B1D53009E48F6 /* ShoppingBags */ = {
			isa = PBXGroup;
			children = (
				C93B76112C1BE1490059223A /* Constant */,
				C93B763D2C1D4BB10059223A /* Tabbar */,
				C93B76132C1BE6C00059223A /* Search */,
				C93B763A2C1D4B770059223A /* Setting */,
				C93B76332C1C326E0059223A /* Entity */,
				C93B761F2C1BF70F0059223A /* CustomView */,
				C93B76122C1BE6B40059223A /* Onboarding */,
				C96663332C1B1D53009E48F6 /* AppDelegate.swift */,
				C96663352C1B1D53009E48F6 /* SceneDelegate.swift */,
				C96663372C1B1D53009E48F6 /* ViewController.swift */,
				C966633C2C1B1D54009E48F6 /* Assets.xcassets */,
				C966633E2C1B1D54009E48F6 /* LaunchScreen.storyboard */,
				C96663412C1B1D54009E48F6 /* Info.plist */,
				C93B76462C1D59A00059223A /* UITableViewCell+.swift */,
			);
			path = ShoppingBags;
			sourceTree = "<group>";
		};
/* End PBXGroup section */

/* Begin PBXNativeTarget section */
		C966632F2C1B1D53009E48F6 /* ShoppingBags */ = {
			isa = PBXNativeTarget;
			buildConfigurationList = C96663442C1B1D54009E48F6 /* Build configuration list for PBXNativeTarget "ShoppingBags" */;
			buildPhases = (
				C901E2772C1B48BF00F1FD44 /* SwiftLint Script */,
				C966632C2C1B1D53009E48F6 /* Sources */,
				C966632D2C1B1D53009E48F6 /* Frameworks */,
				C966632E2C1B1D53009E48F6 /* Resources */,
			);
			buildRules = (
			);
			dependencies = (
			);
			name = ShoppingBags;
			packageProductDependencies = (
				C93B76192C1BEC610059223A /* SnapKit */,
			);
			productName = ShoppingBags;
			productReference = C96663302C1B1D53009E48F6 /* ShoppingBags.app */;
			productType = "com.apple.product-type.application";
		};
/* End PBXNativeTarget section */

/* Begin PBXProject section */
		C96663282C1B1D53009E48F6 /* Project object */ = {
			isa = PBXProject;
			attributes = {
				BuildIndependentTargetsInParallel = 1;
				LastSwiftUpdateCheck = 1530;
				LastUpgradeCheck = 1530;
				TargetAttributes = {
					C966632F2C1B1D53009E48F6 = {
						CreatedOnToolsVersion = 15.3;
					};
				};
			};
			buildConfigurationList = C966632B2C1B1D53009E48F6 /* Build configuration list for PBXProject "ShoppingBags" */;
			compatibilityVersion = "Xcode 14.0";
			developmentRegion = en;
			hasScannedForEncodings = 0;
			knownRegions = (
				en,
				Base,
			);
			mainGroup = C96663272C1B1D53009E48F6;
			packageReferences = (
				C93B76182C1BEC610059223A /* XCRemoteSwiftPackageReference "SnapKit" */,
			);
			productRefGroup = C96663312C1B1D53009E48F6 /* Products */;
			projectDirPath = "";
			projectRoot = "";
			targets = (
				C966632F2C1B1D53009E48F6 /* ShoppingBags */,
			);
		};
/* End PBXProject section */

/* Begin PBXResourcesBuildPhase section */
		C966632E2C1B1D53009E48F6 /* Resources */ = {
			isa = PBXResourcesBuildPhase;
			buildActionMask = 2147483647;
			files = (
				C901E2792C1B494B00F1FD44 /* .swiftlint.yml in Resources */,
				C966633D2C1B1D54009E48F6 /* Assets.xcassets in Resources */,
				C96663402C1B1D54009E48F6 /* Base in Resources */,
			);
			runOnlyForDeploymentPostprocessing = 0;
		};
/* End PBXResourcesBuildPhase section */

/* Begin PBXShellScriptBuildPhase section */
		C901E2772C1B48BF00F1FD44 /* SwiftLint Script */ = {
			isa = PBXShellScriptBuildPhase;
			alwaysOutOfDate = 1;
			buildActionMask = 2147483647;
			files = (
			);
			inputFileListPaths = (
			);
			inputPaths = (
			);
			name = "SwiftLint Script";
			outputFileListPaths = (
			);
			outputPaths = (
			);
			runOnlyForDeploymentPostprocessing = 0;
			shellPath = /bin/sh;
			shellScript = "export PATH=\"$PATH:/opt/homebrew/bin\"\nswiftlint\n\nif which swiftlint >/dev/null; then\n  swiftlint\nelse\n  echo \"warning: SwiftLint not installed, download from https://github.com/realm/SwiftLint\"\nfi\n";
		};
/* End PBXShellScriptBuildPhase section */

/* Begin PBXSourcesBuildPhase section */
		C966632C2C1B1D53009E48F6 /* Sources */ = {
			isa = PBXSourcesBuildPhase;
			buildActionMask = 2147483647;
			files = (
				C96663382C1B1D53009E48F6 /* ViewController.swift in Sources */,
				C93B76372C1C3DD00059223A /* SearchResultEmptyView.swift in Sources */,
				C93B76172C1BEA000059223A /* RoundedButton.swift in Sources */,
				C96663342C1B1D53009E48F6 /* AppDelegate.swift in Sources */,
				C93B76152C1BE7730059223A /* OnboardingViewController.swift in Sources */,
				C93B763C2C1D4B840059223A /* SettingViewController.swift in Sources */,
				C93B76472C1D59A00059223A /* UITableViewCell+.swift in Sources */,
				C93B762E2C1C1BB10059223A /* CircledCameraView.swift in Sources */,
				C93B76352C1C32920059223A /* TextFieldStatus.swift in Sources */,
				C96663362C1B1D53009E48F6 /* SceneDelegate.swift in Sources */,
				C93B76452C1D59590059223A /* RecentSearchTableViewCell.swift in Sources */,
				C93B763F2C1D4BBC0059223A /* TabBarController.swift in Sources */,
				C93B76392C1D4B170059223A /* SearchViewController.swift in Sources */,
				C93B76222C1C06090059223A /* CircledProfileView.swift in Sources */,
				C93B76102C1BE13C0059223A /* Constant.swift in Sources */,
				C93B76322C1C2C470059223A /* NameTextFieldView.swift in Sources */,
				C93B76432C1D58650059223A /* RecentSearchViewController.swift in Sources */,
				C93B761C2C1BF1B40059223A /* ProfileSettingViewController.swift in Sources */,
			);
			runOnlyForDeploymentPostprocessing = 0;
		};
/* End PBXSourcesBuildPhase section */

/* Begin PBXVariantGroup section */
		C966633E2C1B1D54009E48F6 /* LaunchScreen.storyboard */ = {
			isa = PBXVariantGroup;
			children = (
				C966633F2C1B1D54009E48F6 /* Base */,
			);
			name = LaunchScreen.storyboard;
			sourceTree = "<group>";
		};
/* End PBXVariantGroup section */

/* Begin XCBuildConfiguration section */
		C96663422C1B1D54009E48F6 /* Debug */ = {
			isa = XCBuildConfiguration;
			buildSettings = {
				ALWAYS_SEARCH_USER_PATHS = NO;
				ASSETCATALOG_COMPILER_GENERATE_SWIFT_ASSET_SYMBOL_EXTENSIONS = YES;
				CLANG_ANALYZER_NONNULL = YES;
				CLANG_ANALYZER_NUMBER_OBJECT_CONVERSION = YES_AGGRESSIVE;
				CLANG_CXX_LANGUAGE_STANDARD = "gnu++20";
				CLANG_ENABLE_MODULES = YES;
				CLANG_ENABLE_OBJC_ARC = YES;
				CLANG_ENABLE_OBJC_WEAK = YES;
				CLANG_WARN_BLOCK_CAPTURE_AUTORELEASING = YES;
				CLANG_WARN_BOOL_CONVERSION = YES;
				CLANG_WARN_COMMA = YES;
				CLANG_WARN_CONSTANT_CONVERSION = YES;
				CLANG_WARN_DEPRECATED_OBJC_IMPLEMENTATIONS = YES;
				CLANG_WARN_DIRECT_OBJC_ISA_USAGE = YES_ERROR;
				CLANG_WARN_DOCUMENTATION_COMMENTS = YES;
				CLANG_WARN_EMPTY_BODY = YES;
				CLANG_WARN_ENUM_CONVERSION = YES;
				CLANG_WARN_INFINITE_RECURSION = YES;
				CLANG_WARN_INT_CONVERSION = YES;
				CLANG_WARN_NON_LITERAL_NULL_CONVERSION = YES;
				CLANG_WARN_OBJC_IMPLICIT_RETAIN_SELF = YES;
				CLANG_WARN_OBJC_LITERAL_CONVERSION = YES;
				CLANG_WARN_OBJC_ROOT_CLASS = YES_ERROR;
				CLANG_WARN_QUOTED_INCLUDE_IN_FRAMEWORK_HEADER = YES;
				CLANG_WARN_RANGE_LOOP_ANALYSIS = YES;
				CLANG_WARN_STRICT_PROTOTYPES = YES;
				CLANG_WARN_SUSPICIOUS_MOVE = YES;
				CLANG_WARN_UNGUARDED_AVAILABILITY = YES_AGGRESSIVE;
				CLANG_WARN_UNREACHABLE_CODE = YES;
				CLANG_WARN__DUPLICATE_METHOD_MATCH = YES;
				COPY_PHASE_STRIP = NO;
				DEBUG_INFORMATION_FORMAT = dwarf;
				ENABLE_STRICT_OBJC_MSGSEND = YES;
				ENABLE_TESTABILITY = YES;
				ENABLE_USER_SCRIPT_SANDBOXING = NO;
				GCC_C_LANGUAGE_STANDARD = gnu17;
				GCC_DYNAMIC_NO_PIC = NO;
				GCC_NO_COMMON_BLOCKS = YES;
				GCC_OPTIMIZATION_LEVEL = 0;
				GCC_PREPROCESSOR_DEFINITIONS = (
					"DEBUG=1",
					"$(inherited)",
				);
				GCC_WARN_64_TO_32_BIT_CONVERSION = YES;
				GCC_WARN_ABOUT_RETURN_TYPE = YES_ERROR;
				GCC_WARN_UNDECLARED_SELECTOR = YES;
				GCC_WARN_UNINITIALIZED_AUTOS = YES_AGGRESSIVE;
				GCC_WARN_UNUSED_FUNCTION = YES;
				GCC_WARN_UNUSED_VARIABLE = YES;
				IPHONEOS_DEPLOYMENT_TARGET = 15.0;
				LOCALIZATION_PREFERS_STRING_CATALOGS = YES;
				MTL_ENABLE_DEBUG_INFO = INCLUDE_SOURCE;
				MTL_FAST_MATH = YES;
				ONLY_ACTIVE_ARCH = YES;
				SDKROOT = iphoneos;
				SWIFT_ACTIVE_COMPILATION_CONDITIONS = "DEBUG $(inherited)";
				SWIFT_OPTIMIZATION_LEVEL = "-Onone";
			};
			name = Debug;
		};
		C96663432C1B1D54009E48F6 /* Release */ = {
			isa = XCBuildConfiguration;
			buildSettings = {
				ALWAYS_SEARCH_USER_PATHS = NO;
				ASSETCATALOG_COMPILER_GENERATE_SWIFT_ASSET_SYMBOL_EXTENSIONS = YES;
				CLANG_ANALYZER_NONNULL = YES;
				CLANG_ANALYZER_NUMBER_OBJECT_CONVERSION = YES_AGGRESSIVE;
				CLANG_CXX_LANGUAGE_STANDARD = "gnu++20";
				CLANG_ENABLE_MODULES = YES;
				CLANG_ENABLE_OBJC_ARC = YES;
				CLANG_ENABLE_OBJC_WEAK = YES;
				CLANG_WARN_BLOCK_CAPTURE_AUTORELEASING = YES;
				CLANG_WARN_BOOL_CONVERSION = YES;
				CLANG_WARN_COMMA = YES;
				CLANG_WARN_CONSTANT_CONVERSION = YES;
				CLANG_WARN_DEPRECATED_OBJC_IMPLEMENTATIONS = YES;
				CLANG_WARN_DIRECT_OBJC_ISA_USAGE = YES_ERROR;
				CLANG_WARN_DOCUMENTATION_COMMENTS = YES;
				CLANG_WARN_EMPTY_BODY = YES;
				CLANG_WARN_ENUM_CONVERSION = YES;
				CLANG_WARN_INFINITE_RECURSION = YES;
				CLANG_WARN_INT_CONVERSION = YES;
				CLANG_WARN_NON_LITERAL_NULL_CONVERSION = YES;
				CLANG_WARN_OBJC_IMPLICIT_RETAIN_SELF = YES;
				CLANG_WARN_OBJC_LITERAL_CONVERSION = YES;
				CLANG_WARN_OBJC_ROOT_CLASS = YES_ERROR;
				CLANG_WARN_QUOTED_INCLUDE_IN_FRAMEWORK_HEADER = YES;
				CLANG_WARN_RANGE_LOOP_ANALYSIS = YES;
				CLANG_WARN_STRICT_PROTOTYPES = YES;
				CLANG_WARN_SUSPICIOUS_MOVE = YES;
				CLANG_WARN_UNGUARDED_AVAILABILITY = YES_AGGRESSIVE;
				CLANG_WARN_UNREACHABLE_CODE = YES;
				CLANG_WARN__DUPLICATE_METHOD_MATCH = YES;
				COPY_PHASE_STRIP = NO;
				DEBUG_INFORMATION_FORMAT = "dwarf-with-dsym";
				ENABLE_NS_ASSERTIONS = NO;
				ENABLE_STRICT_OBJC_MSGSEND = YES;
				ENABLE_USER_SCRIPT_SANDBOXING = NO;
				GCC_C_LANGUAGE_STANDARD = gnu17;
				GCC_NO_COMMON_BLOCKS = YES;
				GCC_WARN_64_TO_32_BIT_CONVERSION = YES;
				GCC_WARN_ABOUT_RETURN_TYPE = YES_ERROR;
				GCC_WARN_UNDECLARED_SELECTOR = YES;
				GCC_WARN_UNINITIALIZED_AUTOS = YES_AGGRESSIVE;
				GCC_WARN_UNUSED_FUNCTION = YES;
				GCC_WARN_UNUSED_VARIABLE = YES;
				IPHONEOS_DEPLOYMENT_TARGET = 15.0;
				LOCALIZATION_PREFERS_STRING_CATALOGS = YES;
				MTL_ENABLE_DEBUG_INFO = NO;
				MTL_FAST_MATH = YES;
				SDKROOT = iphoneos;
				SWIFT_COMPILATION_MODE = wholemodule;
				VALIDATE_PRODUCT = YES;
			};
			name = Release;
		};
		C96663452C1B1D54009E48F6 /* Debug */ = {
			isa = XCBuildConfiguration;
			buildSettings = {
				ASSETCATALOG_COMPILER_APPICON_NAME = AppIcon;
				ASSETCATALOG_COMPILER_GLOBAL_ACCENT_COLOR_NAME = AccentColor;
				CODE_SIGN_STYLE = Automatic;
				CURRENT_PROJECT_VERSION = 1;
				DEVELOPMENT_TEAM = T4W7695R5C;
				GENERATE_INFOPLIST_FILE = YES;
				INFOPLIST_FILE = ShoppingBags/Info.plist;
				INFOPLIST_KEY_UIApplicationSupportsIndirectInputEvents = YES;
				INFOPLIST_KEY_UILaunchStoryboardName = LaunchScreen;
				INFOPLIST_KEY_UISupportedInterfaceOrientations = UIInterfaceOrientationPortrait;
				INFOPLIST_KEY_UISupportedInterfaceOrientations_iPad = UIInterfaceOrientationPortrait;
				IPHONEOS_DEPLOYMENT_TARGET = 15.0;
				LD_RUNPATH_SEARCH_PATHS = (
					"$(inherited)",
					"@executable_path/Frameworks",
				);
				MARKETING_VERSION = 1.0;
				PRODUCT_BUNDLE_IDENTIFIER = com.jisooHAM.ShoppingBags;
				PRODUCT_NAME = "$(TARGET_NAME)";
				SUPPORTED_PLATFORMS = "iphoneos iphonesimulator";
				SUPPORTS_MACCATALYST = NO;
				SUPPORTS_MAC_DESIGNED_FOR_IPHONE_IPAD = NO;
				SUPPORTS_XR_DESIGNED_FOR_IPHONE_IPAD = NO;
				SWIFT_EMIT_LOC_STRINGS = YES;
				SWIFT_VERSION = 5.0;
				TARGETED_DEVICE_FAMILY = 1;
			};
			name = Debug;
		};
		C96663462C1B1D54009E48F6 /* Release */ = {
			isa = XCBuildConfiguration;
			buildSettings = {
				ASSETCATALOG_COMPILER_APPICON_NAME = AppIcon;
				ASSETCATALOG_COMPILER_GLOBAL_ACCENT_COLOR_NAME = AccentColor;
				CODE_SIGN_STYLE = Automatic;
				CURRENT_PROJECT_VERSION = 1;
				DEVELOPMENT_TEAM = T4W7695R5C;
				GENERATE_INFOPLIST_FILE = YES;
				INFOPLIST_FILE = ShoppingBags/Info.plist;
				INFOPLIST_KEY_UIApplicationSupportsIndirectInputEvents = YES;
				INFOPLIST_KEY_UILaunchStoryboardName = LaunchScreen;
				INFOPLIST_KEY_UISupportedInterfaceOrientations = UIInterfaceOrientationPortrait;
				INFOPLIST_KEY_UISupportedInterfaceOrientations_iPad = UIInterfaceOrientationPortrait;
				IPHONEOS_DEPLOYMENT_TARGET = 15.0;
				LD_RUNPATH_SEARCH_PATHS = (
					"$(inherited)",
					"@executable_path/Frameworks",
				);
				MARKETING_VERSION = 1.0;
				PRODUCT_BUNDLE_IDENTIFIER = com.jisooHAM.ShoppingBags;
				PRODUCT_NAME = "$(TARGET_NAME)";
				SUPPORTED_PLATFORMS = "iphoneos iphonesimulator";
				SUPPORTS_MACCATALYST = NO;
				SUPPORTS_MAC_DESIGNED_FOR_IPHONE_IPAD = NO;
				SUPPORTS_XR_DESIGNED_FOR_IPHONE_IPAD = NO;
				SWIFT_EMIT_LOC_STRINGS = YES;
				SWIFT_VERSION = 5.0;
				TARGETED_DEVICE_FAMILY = 1;
			};
			name = Release;
		};
/* End XCBuildConfiguration section */

/* Begin XCConfigurationList section */
		C966632B2C1B1D53009E48F6 /* Build configuration list for PBXProject "ShoppingBags" */ = {
			isa = XCConfigurationList;
			buildConfigurations = (
				C96663422C1B1D54009E48F6 /* Debug */,
				C96663432C1B1D54009E48F6 /* Release */,
			);
			defaultConfigurationIsVisible = 0;
			defaultConfigurationName = Release;
		};
		C96663442C1B1D54009E48F6 /* Build configuration list for PBXNativeTarget "ShoppingBags" */ = {
			isa = XCConfigurationList;
			buildConfigurations = (
				C96663452C1B1D54009E48F6 /* Debug */,
				C96663462C1B1D54009E48F6 /* Release */,
			);
			defaultConfigurationIsVisible = 0;
			defaultConfigurationName = Release;
		};
/* End XCConfigurationList section */

/* Begin XCRemoteSwiftPackageReference section */
		C93B76182C1BEC610059223A /* XCRemoteSwiftPackageReference "SnapKit" */ = {
			isa = XCRemoteSwiftPackageReference;
			repositoryURL = "https://github.com/SnapKit/SnapKit.git";
			requirement = {
				kind = upToNextMajorVersion;
				minimumVersion = 5.7.1;
			};
		};
/* End XCRemoteSwiftPackageReference section */

/* Begin XCSwiftPackageProductDependency section */
		C93B76192C1BEC610059223A /* SnapKit */ = {
			isa = XCSwiftPackageProductDependency;
			package = C93B76182C1BEC610059223A /* XCRemoteSwiftPackageReference "SnapKit" */;
			productName = SnapKit;
		};
/* End XCSwiftPackageProductDependency section */
	};
	rootObject = C96663282C1B1D53009E48F6 /* Project object */;
}
